
Microsoft Visual Studio Solution File, Format Version 12.00
# Visual Studio Version 17
VisualStudioVersion = 17.4.33205.214
MinimumVisualStudioVersion = 10.0.40219.1
Project("{FAE04EC0-301F-11D3-BF4B-00C04F79EFBC}") = "ModelPart", "ModelPart\ModelPart.csproj", "{A2409C92-75E0-4C87-9CF2-8723B3FC7378}"
EndProject
Project("{FAE04EC0-301F-11D3-BF4B-00C04F79EFBC}") = "Contracts", "Contracts\Contracts.csproj", "{0A87A007-02FF-4101-BCFC-A783B255C1D2}"
EndProject
Global
	GlobalSection(SolutionConfigurationPlatforms) = preSolution
		Debug|Any CPU = Debug|Any CPU
		Release|Any CPU = Release|Any CPU
	EndGlobalSection
	GlobalSection(ProjectConfigurationPlatforms) = postSolution
		{A2409C92-75E0-4C87-9CF2-8723B3FC7378}.Debug|Any CPU.ActiveCfg = Debug|Any CPU
		{A2409C92-75E0-4C87-9CF2-8723B3FC7378}.Debug|Any CPU.Build.0 = Debug|Any CPU
		{A2409C92-75E0-4C87-9CF2-8723B3FC7378}.Release|Any CPU.ActiveCfg = Release|Any CPU
		{A2409C92-75E0-4C87-9CF2-8723B3FC7378}.Release|Any CPU.Build.0 = Release|Any CPU
		{0A87A007-02FF-4101-BCFC-A783B255C1D2}.Debug|Any CPU.ActiveCfg = Debug|Any CPU
		{0A87A007-02FF-4101-BCFC-A783B255C1D2}.Debug|Any CPU.Build.0 = Debug|Any CPU
		{0A87A007-02FF-4101-BCFC-A783B255C1D2}.Release|Any CPU.ActiveCfg = Release|Any CPU
		{0A87A007-02FF-4101-BCFC-A783B255C1D2}.Release|Any CPU.Build.0 = Release|Any CPU
	EndGlobalSection
	GlobalSection(SolutionProperties) = preSolution
		HideSolutionNode = FALSE
	EndGlobalSection
	GlobalSection(ExtensibilityGlobals) = postSolution
		SolutionGuid = {E3FAE473-D932-4871-BF58-1B9C35199810}
	EndGlobalSection
EndGlobal
